
Microsoft Visual Studio Solution File, Format Version 12.00
# Visual Studio Version 17
VisualStudioVersion = 17.14.36212.18 d17.14
MinimumVisualStudioVersion = 10.0.40219.1
Project("{FAE04EC0-301F-11D3-BF4B-00C04F79EFBC}") = "StupidRobot", "StupidRobot\StupidRobot.csproj", "{F351691B-1CB3-4AFF-9C8C-1EBABA0ADF48}"
EndProject
Global
	GlobalSection(SolutionConfigurationPlatforms) = preSolution
		Debug|Any CPU = Debug|Any CPU
		Release|Any CPU = Release|Any CPU
	EndGlobalSection
	GlobalSection(ProjectConfigurationPlatforms) = postSolution
		{F351691B-1CB3-4AFF-9C8C-1EBABA0ADF48}.Debug|Any CPU.ActiveCfg = Debug|Any CPU
		{F351691B-1CB3-4AFF-9C8C-1EBABA0ADF48}.Debug|Any CPU.Build.0 = Debug|Any CPU
		{F351691B-1CB3-4AFF-9C8C-1EBABA0ADF48}.Release|Any CPU.ActiveCfg = Release|Any CPU
		{F351691B-1CB3-4AFF-9C8C-1EBABA0ADF48}.Release|Any CPU.Build.0 = Release|Any CPU
	EndGlobalSection
	GlobalSection(SolutionProperties) = preSolution
		HideSolutionNode = FALSE
	EndGlobalSection
	GlobalSection(ExtensibilityGlobals) = postSolution
		SolutionGuid = {B17E9E50-DBCB-4B93-902F-A81FA0F77863}
	EndGlobalSection
EndGlobal
